// !$*UTF8*$!
{
	archiveVersion = 1;
	classes = {
	};
	objectVersion = 77;
	objects = {

/* Begin PBXBuildFile section */
		598657E41BBF2656BD8580DF /* ReplayCapApp.swift in Sources */ = {isa = PBXBuildFile; fileRef = E502C57EAC829FFA49D1AEAA /* ReplayCapApp.swift */; };
		59FC72A89D86D16E2601CA39 /* ReplayCap.icns in Resources */ = {isa = PBXBuildFile; fileRef = 559BD2D28A1E37FA72B57DF0 /* ReplayCap.icns */; };
		70F1C5157C4605E0F4524886 /* AppDelegate+CapturePipeline.swift in Sources */ = {isa = PBXBuildFile; fileRef = FD15E173F82D19D367B3941E /* AppDelegate+CapturePipeline.swift */; };
		8009A0BFB4ED8C95A6C8510A /* AppDelegate.swift in Sources */ = {isa = PBXBuildFile; fileRef = 362278FEFEF0BE440B232470 /* AppDelegate.swift */; };
		98E0B453DB518A83A2E9E018 /* AppDelegate+RuntimeSettings.swift in Sources */ = {isa = PBXBuildFile; fileRef = B955C46510EBB27E8FF1F310 /* AppDelegate+RuntimeSettings.swift */; };
		9DFFE2F8FEB019DF3EE2B968 /* AppDelegate+PipelineHandlers.swift in Sources */ = {isa = PBXBuildFile; fileRef = F5702EA1CBB05618D37A878B /* AppDelegate+PipelineHandlers.swift */; };
		B5C10F40B0CC1CDECD6428BF /* Defaults in Frameworks */ = {isa = PBXBuildFile; productRef = 54941E8632529ACB7E9560AE /* Defaults */; };
		B5CBA568240ACC36ADB3CEA3 /* AppDelegate+Hotkeys.swift in Sources */ = {isa = PBXBuildFile; fileRef = 0D85B597549C4A75BE9F1757 /* AppDelegate+Hotkeys.swift */; };
		BB1051AEA33C4D1699E65EAA /* AppDelegate+Saving.swift in Sources */ = {isa = PBXBuildFile; fileRef = 3C981F42E9347975C0A654CB /* AppDelegate+Saving.swift */; };
		E0584D5F4C1713065639C581 /* AppDelegate+Updates.swift in Sources */ = {isa = PBXBuildFile; fileRef = 2757777606E302889B063A23 /* AppDelegate+Updates.swift */; };
		EBC8ECE2C1CF0B15C954C378 /* AppDelegate+UI.swift in Sources */ = {isa = PBXBuildFile; fileRef = 7422DD4CC1BD5CBE6D3C9DFB /* AppDelegate+UI.swift */; };
		EE47FB927173BFA4C4CEE237 /* ReplayCapKit in Frameworks */ = {isa = PBXBuildFile; productRef = 8FA0B81CD05A3FB24FAAFD33 /* ReplayCapKit */; };
		F81DEDB146EDA9B5E1273923 /* AppDelegate+BufferMonitoring.swift in Sources */ = {isa = PBXBuildFile; fileRef = C188C46C55CF686576AD3FA7 /* AppDelegate+BufferMonitoring.swift */; };
/* End PBXBuildFile section */

/* Begin PBXFileReference section */
		0D85B597549C4A75BE9F1757 /* AppDelegate+Hotkeys.swift */ = {isa = PBXFileReference; lastKnownFileType = sourcecode.swift; path = "AppDelegate+Hotkeys.swift"; sourceTree = "<group>"; };
		2757777606E302889B063A23 /* AppDelegate+Updates.swift */ = {isa = PBXFileReference; lastKnownFileType = sourcecode.swift; path = "AppDelegate+Updates.swift"; sourceTree = "<group>"; };
		362278FEFEF0BE440B232470 /* AppDelegate.swift */ = {isa = PBXFileReference; lastKnownFileType = sourcecode.swift; path = AppDelegate.swift; sourceTree = "<group>"; };
		3C981F42E9347975C0A654CB /* AppDelegate+Saving.swift */ = {isa = PBXFileReference; lastKnownFileType = sourcecode.swift; path = "AppDelegate+Saving.swift"; sourceTree = "<group>"; };
		559BD2D28A1E37FA72B57DF0 /* ReplayCap.icns */ = {isa = PBXFileReference; lastKnownFileType = image.icns; path = ReplayCap.icns; sourceTree = "<group>"; };
		7422DD4CC1BD5CBE6D3C9DFB /* AppDelegate+UI.swift */ = {isa = PBXFileReference; lastKnownFileType = sourcecode.swift; path = "AppDelegate+UI.swift"; sourceTree = "<group>"; };
		B92FCC5DE4358F60EAE8A201 /* ReplayCap */ = {isa = PBXFileReference; lastKnownFileType = folder; name = ReplayCap; path = ..; sourceTree = SOURCE_ROOT; };
		B955C46510EBB27E8FF1F310 /* AppDelegate+RuntimeSettings.swift */ = {isa = PBXFileReference; lastKnownFileType = sourcecode.swift; path = "AppDelegate+RuntimeSettings.swift"; sourceTree = "<group>"; };
		C188C46C55CF686576AD3FA7 /* AppDelegate+BufferMonitoring.swift */ = {isa = PBXFileReference; lastKnownFileType = sourcecode.swift; path = "AppDelegate+BufferMonitoring.swift"; sourceTree = "<group>"; };
		CEDA418D306D1299AE9360AC /* ReplayCap.app */ = {isa = PBXFileReference; explicitFileType = wrapper.application; includeInIndex = 0; path = ReplayCap.app; sourceTree = BUILT_PRODUCTS_DIR; };
		E502C57EAC829FFA49D1AEAA /* ReplayCapApp.swift */ = {isa = PBXFileReference; lastKnownFileType = sourcecode.swift; path = ReplayCapApp.swift; sourceTree = "<group>"; };
		F5702EA1CBB05618D37A878B /* AppDelegate+PipelineHandlers.swift */ = {isa = PBXFileReference; lastKnownFileType = sourcecode.swift; path = "AppDelegate+PipelineHandlers.swift"; sourceTree = "<group>"; };
		FD15E173F82D19D367B3941E /* AppDelegate+CapturePipeline.swift */ = {isa = PBXFileReference; lastKnownFileType = sourcecode.swift; path = "AppDelegate+CapturePipeline.swift"; sourceTree = "<group>"; };
/* End PBXFileReference section */

/* Begin PBXFrameworksBuildPhase section */
		8CF8855DCEABFD7BFD7AB235 /* Frameworks */ = {
			isa = PBXFrameworksBuildPhase;
			buildActionMask = 2147483647;
			files = (
				EE47FB927173BFA4C4CEE237 /* ReplayCapKit in Frameworks */,
				B5C10F40B0CC1CDECD6428BF /* Defaults in Frameworks */,
			);
			runOnlyForDeploymentPostprocessing = 0;
		};
/* End PBXFrameworksBuildPhase section */

/* Begin PBXGroup section */
		07D152A0453A1CC1EBDC6697 /* App */ = {
			isa = PBXGroup;
			children = (
				362278FEFEF0BE440B232470 /* AppDelegate.swift */,
				C188C46C55CF686576AD3FA7 /* AppDelegate+BufferMonitoring.swift */,
				FD15E173F82D19D367B3941E /* AppDelegate+CapturePipeline.swift */,
				0D85B597549C4A75BE9F1757 /* AppDelegate+Hotkeys.swift */,
				F5702EA1CBB05618D37A878B /* AppDelegate+PipelineHandlers.swift */,
				B955C46510EBB27E8FF1F310 /* AppDelegate+RuntimeSettings.swift */,
				3C981F42E9347975C0A654CB /* AppDelegate+Saving.swift */,
				7422DD4CC1BD5CBE6D3C9DFB /* AppDelegate+UI.swift */,
				2757777606E302889B063A23 /* AppDelegate+Updates.swift */,
				E502C57EAC829FFA49D1AEAA /* ReplayCapApp.swift */,
			);
			name = App;
			path = ../Sources/App;
			sourceTree = "<group>";
		};
		262E576C3F140557A9CD16F9 = {
			isa = PBXGroup;
			children = (
				8A5465FB69F4157777A137D3 /* App */,
				CF332306BDE3009E9881B82E /* Packages */,
				5DC5C1AF0CE1FAC0C3319A1C /* ReplayCap */,
				516A12ABAD7FCEAB573917D3 /* Products */,
			);
			sourceTree = "<group>";
		};
		516A12ABAD7FCEAB573917D3 /* Products */ = {
			isa = PBXGroup;
			children = (
				CEDA418D306D1299AE9360AC /* ReplayCap.app */,
			);
			name = Products;
			sourceTree = "<group>";
		};
		5DC5C1AF0CE1FAC0C3319A1C /* ReplayCap */ = {
			isa = PBXGroup;
			children = (
				7F3F87FC03679F7324469247 /* Resources */,
				94F78A8804029C3AC51C2932 /* Sources */,
			);
			name = ReplayCap;
			path = ..;
			sourceTree = "<group>";
		};
		7F3F87FC03679F7324469247 /* Resources */ = {
			isa = PBXGroup;
			children = (
				559BD2D28A1E37FA72B57DF0 /* ReplayCap.icns */,
			);
			path = Resources;
			sourceTree = "<group>";
		};
		8A5465FB69F4157777A137D3 /* App */ = {
			isa = PBXGroup;
			children = (
				07D152A0453A1CC1EBDC6697 /* App */,
			);
			name = App;
			sourceTree = "<group>";
		};
		94F78A8804029C3AC51C2932 /* Sources */ = {
			isa = PBXGroup;
			children = (
				07D152A0453A1CC1EBDC6697 /* App */,
			);
			path = Sources;
			sourceTree = "<group>";
		};
		CF332306BDE3009E9881B82E /* Packages */ = {
			isa = PBXGroup;
			children = (
				B92FCC5DE4358F60EAE8A201 /* ReplayCap */,
			);
			name = Packages;
			sourceTree = "<group>";
		};
/* End PBXGroup section */

/* Begin PBXNativeTarget section */
		9F855BEB2C41F66140F1C3E6 /* ReplayCap */ = {
			isa = PBXNativeTarget;
			buildConfigurationList = 336B030DB2FBFC6E8D8350F0 /* Build configuration list for PBXNativeTarget "ReplayCap" */;
			buildPhases = (
				096DC4AC6AEA6BD49A90505B /* Sources */,
				4E21FD2D65EAA96A43016A72 /* Resources */,
				8CF8855DCEABFD7BFD7AB235 /* Frameworks */,
			);
			buildRules = (
			);
			dependencies = (
			);
			name = ReplayCap;
			packageProductDependencies = (
				8FA0B81CD05A3FB24FAAFD33 /* ReplayCapKit */,
				54941E8632529ACB7E9560AE /* Defaults */,
			);
			productName = ReplayCap;
			productReference = CEDA418D306D1299AE9360AC /* ReplayCap.app */;
			productType = "com.apple.product-type.application";
		};
/* End PBXNativeTarget section */

/* Begin PBXProject section */
		7EE1E002A54E804283737DB4 /* Project object */ = {
			isa = PBXProject;
			attributes = {
				BuildIndependentTargetsInParallel = YES;
				LastUpgradeCheck = 1430;
				TargetAttributes = {
					9F855BEB2C41F66140F1C3E6 = {
						DevelopmentTeam = QZTBSUBN77;
						ProvisioningStyle = Automatic;
					};
				};
			};
			buildConfigurationList = 7075193987A9522FD68EE996 /* Build configuration list for PBXProject "ReplayCap" */;
			developmentRegion = en;
			hasScannedForEncodings = 0;
			knownRegions = (
				Base,
				en,
			);
			mainGroup = 262E576C3F140557A9CD16F9;
			minimizedProjectReferenceProxies = 1;
			packageReferences = (
				82EB338448BA95A8AA315108 /* XCRemoteSwiftPackageReference "Defaults" */,
				5C382BEEBCA9751E27E61AF1 /* XCLocalSwiftPackageReference ".." */,
			);
			preferredProjectObjectVersion = 77;
			productRefGroup = 516A12ABAD7FCEAB573917D3 /* Products */;
			projectDirPath = "";
			projectRoot = "";
			targets = (
				9F855BEB2C41F66140F1C3E6 /* ReplayCap */,
			);
		};
/* End PBXProject section */

/* Begin PBXResourcesBuildPhase section */
		4E21FD2D65EAA96A43016A72 /* Resources */ = {
			isa = PBXResourcesBuildPhase;
			buildActionMask = 2147483647;
			files = (
				59FC72A89D86D16E2601CA39 /* ReplayCap.icns in Resources */,
			);
			runOnlyForDeploymentPostprocessing = 0;
		};
/* End PBXResourcesBuildPhase section */

/* Begin PBXSourcesBuildPhase section */
		096DC4AC6AEA6BD49A90505B /* Sources */ = {
			isa = PBXSourcesBuildPhase;
			buildActionMask = 2147483647;
			files = (
				F81DEDB146EDA9B5E1273923 /* AppDelegate+BufferMonitoring.swift in Sources */,
				70F1C5157C4605E0F4524886 /* AppDelegate+CapturePipeline.swift in Sources */,
				B5CBA568240ACC36ADB3CEA3 /* AppDelegate+Hotkeys.swift in Sources */,
				9DFFE2F8FEB019DF3EE2B968 /* AppDelegate+PipelineHandlers.swift in Sources */,
				98E0B453DB518A83A2E9E018 /* AppDelegate+RuntimeSettings.swift in Sources */,
				BB1051AEA33C4D1699E65EAA /* AppDelegate+Saving.swift in Sources */,
				EBC8ECE2C1CF0B15C954C378 /* AppDelegate+UI.swift in Sources */,
				E0584D5F4C1713065639C581 /* AppDelegate+Updates.swift in Sources */,
				8009A0BFB4ED8C95A6C8510A /* AppDelegate.swift in Sources */,
				598657E41BBF2656BD8580DF /* ReplayCapApp.swift in Sources */,
			);
			runOnlyForDeploymentPostprocessing = 0;
		};
/* End PBXSourcesBuildPhase section */

/* Begin XCBuildConfiguration section */
		00FEFFEF5889E66D561A43E2 /* Release */ = {
			isa = XCBuildConfiguration;
			buildSettings = {
				ASSETCATALOG_COMPILER_APPICON_NAME = AppIcon;
				CODE_SIGN_ENTITLEMENTS = ../Resources/ReplayCap.appstore.entitlements;
				"CODE_SIGN_IDENTITY[sdk=macosx*]" = "Apple Development";
				CODE_SIGN_STYLE = Automatic;
				COMBINE_HIDPI_IMAGES = YES;
				DEVELOPMENT_TEAM = QZTBSUBN77;
				GENERATE_INFOPLIST_FILE = NO;
				INFOPLIST_FILE = ../Resources/Info.plist;
				LD_RUNPATH_SEARCH_PATHS = (
					"$(inherited)",
					"@executable_path/../Frameworks",
				);
				PRODUCT_BUNDLE_IDENTIFIER = com.replaymac.app;
				SDKROOT = macosx;
				SWIFT_ACTIVE_COMPILATION_CONDITIONS = APPSTORE;
				SWIFT_VERSION = 6.0;
			};
			name = Release;
		};
		23E1743ABFFD2E2F636636C2 /* Debug */ = {
			isa = XCBuildConfiguration;
			buildSettings = {
				ALWAYS_SEARCH_USER_PATHS = NO;
				CLANG_ANALYZER_NONNULL = YES;
				CLANG_ANALYZER_NUMBER_OBJECT_CONVERSION = YES_AGGRESSIVE;
				CLANG_CXX_LANGUAGE_STANDARD = "gnu++14";
				CLANG_CXX_LIBRARY = "libc++";
				CLANG_ENABLE_MODULES = YES;
				CLANG_ENABLE_OBJC_ARC = YES;
				CLANG_ENABLE_OBJC_WEAK = YES;
				CLANG_WARN_BLOCK_CAPTURE_AUTORELEASING = YES;
				CLANG_WARN_BOOL_CONVERSION = YES;
				CLANG_WARN_COMMA = YES;
				CLANG_WARN_CONSTANT_CONVERSION = YES;
				CLANG_WARN_DEPRECATED_OBJC_IMPLEMENTATIONS = YES;
				CLANG_WARN_DIRECT_OBJC_ISA_USAGE = YES_ERROR;
				CLANG_WARN_DOCUMENTATION_COMMENTS = YES;
				CLANG_WARN_EMPTY_BODY = YES;
				CLANG_WARN_ENUM_CONVERSION = YES;
				CLANG_WARN_INFINITE_RECURSION = YES;
				CLANG_WARN_INT_CONVERSION = YES;
				CLANG_WARN_NON_LITERAL_NULL_CONVERSION = YES;
				CLANG_WARN_OBJC_IMPLICIT_RETAIN_SELF = YES;
				CLANG_WARN_OBJC_LITERAL_CONVERSION = YES;
				CLANG_WARN_OBJC_ROOT_CLASS = YES_ERROR;
				CLANG_WARN_QUOTED_INCLUDE_IN_FRAMEWORK_HEADER = YES;
				CLANG_WARN_RANGE_LOOP_ANALYSIS = YES;
				CLANG_WARN_STRICT_PROTOTYPES = YES;
				CLANG_WARN_SUSPICIOUS_MOVE = YES;
				CLANG_WARN_UNGUARDED_AVAILABILITY = YES_AGGRESSIVE;
				CLANG_WARN_UNREACHABLE_CODE = YES;
				CLANG_WARN__DUPLICATE_METHOD_MATCH = YES;
				COPY_PHASE_STRIP = NO;
				DEBUG_INFORMATION_FORMAT = dwarf;
				ENABLE_STRICT_OBJC_MSGSEND = YES;
				ENABLE_TESTABILITY = YES;
				GCC_C_LANGUAGE_STANDARD = gnu11;
				GCC_DYNAMIC_NO_PIC = NO;
				GCC_NO_COMMON_BLOCKS = YES;
				GCC_OPTIMIZATION_LEVEL = 0;
				GCC_PREPROCESSOR_DEFINITIONS = (
					"$(inherited)",
					"DEBUG=1",
				);
				GCC_WARN_64_TO_32_BIT_CONVERSION = YES;
				GCC_WARN_ABOUT_RETURN_TYPE = YES_ERROR;
				GCC_WARN_UNDECLARED_SELECTOR = YES;
				GCC_WARN_UNINITIALIZED_AUTOS = YES_AGGRESSIVE;
				GCC_WARN_UNUSED_FUNCTION = YES;
				GCC_WARN_UNUSED_VARIABLE = YES;
				MACOSX_DEPLOYMENT_TARGET = 15.0;
				MTL_ENABLE_DEBUG_INFO = INCLUDE_SOURCE;
				MTL_FAST_MATH = YES;
				ONLY_ACTIVE_ARCH = YES;
				PRODUCT_NAME = "$(TARGET_NAME)";
				SDKROOT = macosx;
				SWIFT_ACTIVE_COMPILATION_CONDITIONS = DEBUG;
				SWIFT_OPTIMIZATION_LEVEL = "-Onone";
				SWIFT_VERSION = 5.0;
			};
			name = Debug;
		};
		8BC65840E6B168794B8C41A7 /* Release */ = {
			isa = XCBuildConfiguration;
			buildSettings = {
				ALWAYS_SEARCH_USER_PATHS = NO;
				CLANG_ANALYZER_NONNULL = YES;
				CLANG_ANALYZER_NUMBER_OBJECT_CONVERSION = YES_AGGRESSIVE;
				CLANG_CXX_LANGUAGE_STANDARD = "gnu++14";
				CLANG_CXX_LIBRARY = "libc++";
				CLANG_ENABLE_MODULES = YES;
				CLANG_ENABLE_OBJC_ARC = YES;
				CLANG_ENABLE_OBJC_WEAK = YES;
				CLANG_WARN_BLOCK_CAPTURE_AUTORELEASING = YES;
				CLANG_WARN_BOOL_CONVERSION = YES;
				CLANG_WARN_COMMA = YES;
				CLANG_WARN_CONSTANT_CONVERSION = YES;
				CLANG_WARN_DEPRECATED_OBJC_IMPLEMENTATIONS = YES;
				CLANG_WARN_DIRECT_OBJC_ISA_USAGE = YES_ERROR;
				CLANG_WARN_DOCUMENTATION_COMMENTS = YES;
				CLANG_WARN_EMPTY_BODY = YES;
				CLANG_WARN_ENUM_CONVERSION = YES;
				CLANG_WARN_INFINITE_RECURSION = YES;
				CLANG_WARN_INT_CONVERSION = YES;
				CLANG_WARN_NON_LITERAL_NULL_CONVERSION = YES;
				CLANG_WARN_OBJC_IMPLICIT_RETAIN_SELF = YES;
				CLANG_WARN_OBJC_LITERAL_CONVERSION = YES;
				CLANG_WARN_OBJC_ROOT_CLASS = YES_ERROR;
				CLANG_WARN_QUOTED_INCLUDE_IN_FRAMEWORK_HEADER = YES;
				CLANG_WARN_RANGE_LOOP_ANALYSIS = YES;
				CLANG_WARN_STRICT_PROTOTYPES = YES;
				CLANG_WARN_SUSPICIOUS_MOVE = YES;
				CLANG_WARN_UNGUARDED_AVAILABILITY = YES_AGGRESSIVE;
				CLANG_WARN_UNREACHABLE_CODE = YES;
				CLANG_WARN__DUPLICATE_METHOD_MATCH = YES;
				COPY_PHASE_STRIP = NO;
				DEBUG_INFORMATION_FORMAT = "dwarf-with-dsym";
				ENABLE_NS_ASSERTIONS = NO;
				ENABLE_STRICT_OBJC_MSGSEND = YES;
				GCC_C_LANGUAGE_STANDARD = gnu11;
				GCC_NO_COMMON_BLOCKS = YES;
				GCC_WARN_64_TO_32_BIT_CONVERSION = YES;
				GCC_WARN_ABOUT_RETURN_TYPE = YES_ERROR;
				GCC_WARN_UNDECLARED_SELECTOR = YES;
				GCC_WARN_UNINITIALIZED_AUTOS = YES_AGGRESSIVE;
				GCC_WARN_UNUSED_FUNCTION = YES;
				GCC_WARN_UNUSED_VARIABLE = YES;
				MACOSX_DEPLOYMENT_TARGET = 15.0;
				MTL_ENABLE_DEBUG_INFO = NO;
				MTL_FAST_MATH = YES;
				PRODUCT_NAME = "$(TARGET_NAME)";
				SDKROOT = macosx;
				SWIFT_COMPILATION_MODE = wholemodule;
				SWIFT_OPTIMIZATION_LEVEL = "-O";
				SWIFT_VERSION = 5.0;
			};
			name = Release;
		};
		9C26857EB562FBEC003F06BB /* Debug */ = {
			isa = XCBuildConfiguration;
			buildSettings = {
				ASSETCATALOG_COMPILER_APPICON_NAME = AppIcon;
				CODE_SIGN_ENTITLEMENTS = ../Resources/ReplayCap.appstore.entitlements;
				"CODE_SIGN_IDENTITY[sdk=macosx*]" = "Apple Development";
				CODE_SIGN_STYLE = Automatic;
				COMBINE_HIDPI_IMAGES = YES;
				DEVELOPMENT_TEAM = QZTBSUBN77;
				GENERATE_INFOPLIST_FILE = NO;
				INFOPLIST_FILE = ../Resources/Info.plist;
				LD_RUNPATH_SEARCH_PATHS = (
					"$(inherited)",
					"@executable_path/../Frameworks",
				);
				PRODUCT_BUNDLE_IDENTIFIER = com.replaymac.app;
				SDKROOT = macosx;
				SWIFT_ACTIVE_COMPILATION_CONDITIONS = APPSTORE;
				SWIFT_VERSION = 6.0;
			};
			name = Debug;
		};
/* End XCBuildConfiguration section */

/* Begin XCConfigurationList section */
		336B030DB2FBFC6E8D8350F0 /* Build configuration list for PBXNativeTarget "ReplayCap" */ = {
			isa = XCConfigurationList;
			buildConfigurations = (
				9C26857EB562FBEC003F06BB /* Debug */,
				00FEFFEF5889E66D561A43E2 /* Release */,
			);
			defaultConfigurationIsVisible = 0;
			defaultConfigurationName = Debug;
		};
		7075193987A9522FD68EE996 /* Build configuration list for PBXProject "ReplayCap" */ = {
			isa = XCConfigurationList;
			buildConfigurations = (
				23E1743ABFFD2E2F636636C2 /* Debug */,
				8BC65840E6B168794B8C41A7 /* Release */,
			);
			defaultConfigurationIsVisible = 0;
			defaultConfigurationName = Debug;
		};
/* End XCConfigurationList section */

/* Begin XCLocalSwiftPackageReference section */
		5C382BEEBCA9751E27E61AF1 /* XCLocalSwiftPackageReference ".." */ = {
			isa = XCLocalSwiftPackageReference;
			relativePath = ..;
		};
/* End XCLocalSwiftPackageReference section */

/* Begin XCRemoteSwiftPackageReference section */
		82EB338448BA95A8AA315108 /* XCRemoteSwiftPackageReference "Defaults" */ = {
			isa = XCRemoteSwiftPackageReference;
			repositoryURL = "https://github.com/sindresorhus/Defaults";
			requirement = {
				kind = upToNextMajorVersion;
				minimumVersion = 9.0.0;
			};
		};
/* End XCRemoteSwiftPackageReference section */

/* Begin XCSwiftPackageProductDependency section */
		54941E8632529ACB7E9560AE /* Defaults */ = {
			isa = XCSwiftPackageProductDependency;
			package = 82EB338448BA95A8AA315108 /* XCRemoteSwiftPackageReference "Defaults" */;
			productName = Defaults;
		};
		8FA0B81CD05A3FB24FAAFD33 /* ReplayCapKit */ = {
			isa = XCSwiftPackageProductDependency;
			productName = ReplayCapKit;
		};
/* End XCSwiftPackageProductDependency section */
	};
	rootObject = 7EE1E002A54E804283737DB4 /* Project object */;
}
