// !$*UTF8*$!
{
	archiveVersion = 1;
	classes = {
	};
	objectVersion = 77;
	objects = {

/* Begin PBXBuildFile section */
		0806F0876DB03E663305B5EB /* AppDelegate+Updates.swift in Sources */ = {isa = PBXBuildFile; fileRef = 7F149C8A575141457A7A7902 /* AppDelegate+Updates.swift */; };
		098FB2524852BDB8E5BB2982 /* ReplayMac.icns in Resources */ = {isa = PBXBuildFile; fileRef = C9EB85549865C3FD65D8A2F4 /* ReplayMac.icns */; };
		309EAE7F571F9C87CCE2E6F9 /* AppDelegate+Hotkeys.swift in Sources */ = {isa = PBXBuildFile; fileRef = B741ADE5E634021FAAE92F76 /* AppDelegate+Hotkeys.swift */; };
		485A062DF009BCAC1209E810 /* ReplayMacApp.swift in Sources */ = {isa = PBXBuildFile; fileRef = A739BFBF8694512C762C3DF2 /* ReplayMacApp.swift */; };
		6A72E97A69E7C100B1C4F106 /* AppDelegate+PipelineHandlers.swift in Sources */ = {isa = PBXBuildFile; fileRef = 33E1BCB2DDEE06151F5CD254 /* AppDelegate+PipelineHandlers.swift */; };
		7FA6C41F826612831C408142 /* AppDelegate+BufferMonitoring.swift in Sources */ = {isa = PBXBuildFile; fileRef = 5C4167F02CF5479502C277B9 /* AppDelegate+BufferMonitoring.swift */; };
		80B6F7B43C200D336CFDAAB5 /* AppDelegate+RuntimeSettings.swift in Sources */ = {isa = PBXBuildFile; fileRef = 6232015B202441122D404DD6 /* AppDelegate+RuntimeSettings.swift */; };
		960C0FC89A225CF31486DB4E /* AppDelegate+Saving.swift in Sources */ = {isa = PBXBuildFile; fileRef = 387ABD237454C3B5F5C5BA60 /* AppDelegate+Saving.swift */; };
		9774E8B7E7D54422694C5686 /* ReplayMacKit in Frameworks */ = {isa = PBXBuildFile; productRef = C40330B56B4FA74C214621FF /* ReplayMacKit */; };
		B150B4B10263420EB8EC3FC0 /* Defaults in Frameworks */ = {isa = PBXBuildFile; productRef = 7B2F08AEC90FA1EBF92C09DD /* Defaults */; };
		BADB7F4C3477D77E6CE53E91 /* AppDelegate+CapturePipeline.swift in Sources */ = {isa = PBXBuildFile; fileRef = 62A14B10DAC08329E1E8E6A3 /* AppDelegate+CapturePipeline.swift */; };
		CAA13AE9A329D0B3ABAF839D /* AppDelegate+UI.swift in Sources */ = {isa = PBXBuildFile; fileRef = 202D986284476330B5BD228D /* AppDelegate+UI.swift */; };
		EA72366E06A5BB72A09DAFD8 /* AppDelegate.swift in Sources */ = {isa = PBXBuildFile; fileRef = A26EDA399CB1005008992EBC /* AppDelegate.swift */; };
/* End PBXBuildFile section */

/* Begin PBXFileReference section */
		196D309F4989C4F808E6FF70 /* ReplayMac */ = {isa = PBXFileReference; lastKnownFileType = folder; name = ReplayMac; path = ..; sourceTree = SOURCE_ROOT; };
		202D986284476330B5BD228D /* AppDelegate+UI.swift */ = {isa = PBXFileReference; lastKnownFileType = sourcecode.swift; path = "AppDelegate+UI.swift"; sourceTree = "<group>"; };
		33E1BCB2DDEE06151F5CD254 /* AppDelegate+PipelineHandlers.swift */ = {isa = PBXFileReference; lastKnownFileType = sourcecode.swift; path = "AppDelegate+PipelineHandlers.swift"; sourceTree = "<group>"; };
		387ABD237454C3B5F5C5BA60 /* AppDelegate+Saving.swift */ = {isa = PBXFileReference; lastKnownFileType = sourcecode.swift; path = "AppDelegate+Saving.swift"; sourceTree = "<group>"; };
		5C4167F02CF5479502C277B9 /* AppDelegate+BufferMonitoring.swift */ = {isa = PBXFileReference; lastKnownFileType = sourcecode.swift; path = "AppDelegate+BufferMonitoring.swift"; sourceTree = "<group>"; };
		6232015B202441122D404DD6 /* AppDelegate+RuntimeSettings.swift */ = {isa = PBXFileReference; lastKnownFileType = sourcecode.swift; path = "AppDelegate+RuntimeSettings.swift"; sourceTree = "<group>"; };
		62A14B10DAC08329E1E8E6A3 /* AppDelegate+CapturePipeline.swift */ = {isa = PBXFileReference; lastKnownFileType = sourcecode.swift; path = "AppDelegate+CapturePipeline.swift"; sourceTree = "<group>"; };
		7F149C8A575141457A7A7902 /* AppDelegate+Updates.swift */ = {isa = PBXFileReference; lastKnownFileType = sourcecode.swift; path = "AppDelegate+Updates.swift"; sourceTree = "<group>"; };
		A26EDA399CB1005008992EBC /* AppDelegate.swift */ = {isa = PBXFileReference; lastKnownFileType = sourcecode.swift; path = AppDelegate.swift; sourceTree = "<group>"; };
		A739BFBF8694512C762C3DF2 /* ReplayMacApp.swift */ = {isa = PBXFileReference; lastKnownFileType = sourcecode.swift; path = ReplayMacApp.swift; sourceTree = "<group>"; };
		AAD052D26E3C51593CB264F5 /* ReplayMac.app */ = {isa = PBXFileReference; explicitFileType = wrapper.application; includeInIndex = 0; path = ReplayMac.app; sourceTree = BUILT_PRODUCTS_DIR; };
		B741ADE5E634021FAAE92F76 /* AppDelegate+Hotkeys.swift */ = {isa = PBXFileReference; lastKnownFileType = sourcecode.swift; path = "AppDelegate+Hotkeys.swift"; sourceTree = "<group>"; };
		C9EB85549865C3FD65D8A2F4 /* ReplayMac.icns */ = {isa = PBXFileReference; lastKnownFileType = image.icns; path = ReplayMac.icns; sourceTree = "<group>"; };
/* End PBXFileReference section */

/* Begin PBXFrameworksBuildPhase section */
		BE86E80FB678FA9248A502DC /* Frameworks */ = {
			isa = PBXFrameworksBuildPhase;
			buildActionMask = 2147483647;
			files = (
				9774E8B7E7D54422694C5686 /* ReplayMacKit in Frameworks */,
				B150B4B10263420EB8EC3FC0 /* Defaults in Frameworks */,
			);
			runOnlyForDeploymentPostprocessing = 0;
		};
/* End PBXFrameworksBuildPhase section */

/* Begin PBXGroup section */
		16038789C92B02966B49E13A /* Sources */ = {
			isa = PBXGroup;
			children = (
				7CDA399C065F44DA325F39EE /* App */,
			);
			path = Sources;
			sourceTree = "<group>";
		};
		3BC448C7CBB79C0DBA6736CF = {
			isa = PBXGroup;
			children = (
				8ECBDC634F2E39880A5E790D /* App */,
				9B58D85723F99933AE977460 /* Packages */,
				FE7C085EC49CE3E02DD306F1 /* ReplayMac */,
				648941A376A0EAD268B63B5C /* Products */,
			);
			sourceTree = "<group>";
		};
		648941A376A0EAD268B63B5C /* Products */ = {
			isa = PBXGroup;
			children = (
				AAD052D26E3C51593CB264F5 /* ReplayMac.app */,
			);
			name = Products;
			sourceTree = "<group>";
		};
		65371908DDF2AA6D2EBFB307 /* Resources */ = {
			isa = PBXGroup;
			children = (
				C9EB85549865C3FD65D8A2F4 /* ReplayMac.icns */,
			);
			path = Resources;
			sourceTree = "<group>";
		};
		7CDA399C065F44DA325F39EE /* App */ = {
			isa = PBXGroup;
			children = (
				A26EDA399CB1005008992EBC /* AppDelegate.swift */,
				5C4167F02CF5479502C277B9 /* AppDelegate+BufferMonitoring.swift */,
				62A14B10DAC08329E1E8E6A3 /* AppDelegate+CapturePipeline.swift */,
				B741ADE5E634021FAAE92F76 /* AppDelegate+Hotkeys.swift */,
				33E1BCB2DDEE06151F5CD254 /* AppDelegate+PipelineHandlers.swift */,
				6232015B202441122D404DD6 /* AppDelegate+RuntimeSettings.swift */,
				387ABD237454C3B5F5C5BA60 /* AppDelegate+Saving.swift */,
				202D986284476330B5BD228D /* AppDelegate+UI.swift */,
				7F149C8A575141457A7A7902 /* AppDelegate+Updates.swift */,
				A739BFBF8694512C762C3DF2 /* ReplayMacApp.swift */,
			);
			name = App;
			path = ../Sources/App;
			sourceTree = "<group>";
		};
		8ECBDC634F2E39880A5E790D /* App */ = {
			isa = PBXGroup;
			children = (
				7CDA399C065F44DA325F39EE /* App */,
			);
			name = App;
			sourceTree = "<group>";
		};
		9B58D85723F99933AE977460 /* Packages */ = {
			isa = PBXGroup;
			children = (
				196D309F4989C4F808E6FF70 /* ReplayMac */,
			);
			name = Packages;
			sourceTree = "<group>";
		};
		FE7C085EC49CE3E02DD306F1 /* ReplayMac */ = {
			isa = PBXGroup;
			children = (
				65371908DDF2AA6D2EBFB307 /* Resources */,
				16038789C92B02966B49E13A /* Sources */,
			);
			name = ReplayMac;
			path = ..;
			sourceTree = "<group>";
		};
/* End PBXGroup section */

/* Begin PBXNativeTarget section */
		917117649B3C8F71794D61FC /* ReplayMac */ = {
			isa = PBXNativeTarget;
			buildConfigurationList = 920BD30EC547B9F43A0DDA01 /* Build configuration list for PBXNativeTarget "ReplayMac" */;
			buildPhases = (
				1C17A89BE83CA22DBCF9AC6D /* Sources */,
				8B8BEFDD5A0A9DC1E9262CA8 /* Resources */,
				BE86E80FB678FA9248A502DC /* Frameworks */,
			);
			buildRules = (
			);
			dependencies = (
			);
			name = ReplayMac;
			packageProductDependencies = (
				C40330B56B4FA74C214621FF /* ReplayMacKit */,
				7B2F08AEC90FA1EBF92C09DD /* Defaults */,
			);
			productName = ReplayMac;
			productReference = AAD052D26E3C51593CB264F5 /* ReplayMac.app */;
			productType = "com.apple.product-type.application";
		};
/* End PBXNativeTarget section */

/* Begin PBXProject section */
		9F73E16732AC9684E58DE4D8 /* Project object */ = {
			isa = PBXProject;
			attributes = {
				BuildIndependentTargetsInParallel = YES;
				LastUpgradeCheck = 1430;
				TargetAttributes = {
					917117649B3C8F71794D61FC = {
						DevelopmentTeam = QZTBSUBN77;
						ProvisioningStyle = Automatic;
					};
				};
			};
			buildConfigurationList = 35C05EC225B7CA6D7F404654 /* Build configuration list for PBXProject "ReplayMac" */;
			developmentRegion = en;
			hasScannedForEncodings = 0;
			knownRegions = (
				Base,
				en,
			);
			mainGroup = 3BC448C7CBB79C0DBA6736CF;
			minimizedProjectReferenceProxies = 1;
			packageReferences = (
				2C332FD1616FA6ADDC54B712 /* XCRemoteSwiftPackageReference "Defaults" */,
				B0FACDB2055875709C35908A /* XCLocalSwiftPackageReference ".." */,
			);
			preferredProjectObjectVersion = 77;
			productRefGroup = 648941A376A0EAD268B63B5C /* Products */;
			projectDirPath = "";
			projectRoot = "";
			targets = (
				917117649B3C8F71794D61FC /* ReplayMac */,
			);
		};
/* End PBXProject section */

/* Begin PBXResourcesBuildPhase section */
		8B8BEFDD5A0A9DC1E9262CA8 /* Resources */ = {
			isa = PBXResourcesBuildPhase;
			buildActionMask = 2147483647;
			files = (
				098FB2524852BDB8E5BB2982 /* ReplayMac.icns in Resources */,
			);
			runOnlyForDeploymentPostprocessing = 0;
		};
/* End PBXResourcesBuildPhase section */

/* Begin PBXSourcesBuildPhase section */
		1C17A89BE83CA22DBCF9AC6D /* Sources */ = {
			isa = PBXSourcesBuildPhase;
			buildActionMask = 2147483647;
			files = (
				7FA6C41F826612831C408142 /* AppDelegate+BufferMonitoring.swift in Sources */,
				BADB7F4C3477D77E6CE53E91 /* AppDelegate+CapturePipeline.swift in Sources */,
				309EAE7F571F9C87CCE2E6F9 /* AppDelegate+Hotkeys.swift in Sources */,
				6A72E97A69E7C100B1C4F106 /* AppDelegate+PipelineHandlers.swift in Sources */,
				80B6F7B43C200D336CFDAAB5 /* AppDelegate+RuntimeSettings.swift in Sources */,
				960C0FC89A225CF31486DB4E /* AppDelegate+Saving.swift in Sources */,
				CAA13AE9A329D0B3ABAF839D /* AppDelegate+UI.swift in Sources */,
				0806F0876DB03E663305B5EB /* AppDelegate+Updates.swift in Sources */,
				EA72366E06A5BB72A09DAFD8 /* AppDelegate.swift in Sources */,
				485A062DF009BCAC1209E810 /* ReplayMacApp.swift in Sources */,
			);
			runOnlyForDeploymentPostprocessing = 0;
		};
/* End PBXSourcesBuildPhase section */

/* Begin XCBuildConfiguration section */
		2C6CB7A4F49DF799C5628DFB /* Release */ = {
			isa = XCBuildConfiguration;
			buildSettings = {
				ALWAYS_SEARCH_USER_PATHS = NO;
				CLANG_ANALYZER_NONNULL = YES;
				CLANG_ANALYZER_NUMBER_OBJECT_CONVERSION = YES_AGGRESSIVE;
				CLANG_CXX_LANGUAGE_STANDARD = "gnu++14";
				CLANG_CXX_LIBRARY = "libc++";
				CLANG_ENABLE_MODULES = YES;
				CLANG_ENABLE_OBJC_ARC = YES;
				CLANG_ENABLE_OBJC_WEAK = YES;
				CLANG_WARN_BLOCK_CAPTURE_AUTORELEASING = YES;
				CLANG_WARN_BOOL_CONVERSION = YES;
				CLANG_WARN_COMMA = YES;
				CLANG_WARN_CONSTANT_CONVERSION = YES;
				CLANG_WARN_DEPRECATED_OBJC_IMPLEMENTATIONS = YES;
				CLANG_WARN_DIRECT_OBJC_ISA_USAGE = YES_ERROR;
				CLANG_WARN_DOCUMENTATION_COMMENTS = YES;
				CLANG_WARN_EMPTY_BODY = YES;
				CLANG_WARN_ENUM_CONVERSION = YES;
				CLANG_WARN_INFINITE_RECURSION = YES;
				CLANG_WARN_INT_CONVERSION = YES;
				CLANG_WARN_NON_LITERAL_NULL_CONVERSION = YES;
				CLANG_WARN_OBJC_IMPLICIT_RETAIN_SELF = YES;
				CLANG_WARN_OBJC_LITERAL_CONVERSION = YES;
				CLANG_WARN_OBJC_ROOT_CLASS = YES_ERROR;
				CLANG_WARN_QUOTED_INCLUDE_IN_FRAMEWORK_HEADER = YES;
				CLANG_WARN_RANGE_LOOP_ANALYSIS = YES;
				CLANG_WARN_STRICT_PROTOTYPES = YES;
				CLANG_WARN_SUSPICIOUS_MOVE = YES;
				CLANG_WARN_UNGUARDED_AVAILABILITY = YES_AGGRESSIVE;
				CLANG_WARN_UNREACHABLE_CODE = YES;
				CLANG_WARN__DUPLICATE_METHOD_MATCH = YES;
				COPY_PHASE_STRIP = NO;
				DEBUG_INFORMATION_FORMAT = "dwarf-with-dsym";
				ENABLE_NS_ASSERTIONS = NO;
				ENABLE_STRICT_OBJC_MSGSEND = YES;
				GCC_C_LANGUAGE_STANDARD = gnu11;
				GCC_NO_COMMON_BLOCKS = YES;
				GCC_WARN_64_TO_32_BIT_CONVERSION = YES;
				GCC_WARN_ABOUT_RETURN_TYPE = YES_ERROR;
				GCC_WARN_UNDECLARED_SELECTOR = YES;
				GCC_WARN_UNINITIALIZED_AUTOS = YES_AGGRESSIVE;
				GCC_WARN_UNUSED_FUNCTION = YES;
				GCC_WARN_UNUSED_VARIABLE = YES;
				MACOSX_DEPLOYMENT_TARGET = 15.0;
				MTL_ENABLE_DEBUG_INFO = NO;
				MTL_FAST_MATH = YES;
				PRODUCT_NAME = "$(TARGET_NAME)";
				SDKROOT = macosx;
				SWIFT_COMPILATION_MODE = wholemodule;
				SWIFT_OPTIMIZATION_LEVEL = "-O";
				SWIFT_VERSION = 5.0;
			};
			name = Release;
		};
		5890A17881CB32884DD5A238 /* Release */ = {
			isa = XCBuildConfiguration;
			buildSettings = {
				ASSETCATALOG_COMPILER_APPICON_NAME = AppIcon;
				CODE_SIGN_ENTITLEMENTS = ../Resources/ReplayMac.appstore.entitlements;
				"CODE_SIGN_IDENTITY[sdk=macosx*]" = "Apple Development";
				CODE_SIGN_STYLE = Automatic;
				COMBINE_HIDPI_IMAGES = YES;
				DEVELOPMENT_TEAM = QZTBSUBN77;
				GENERATE_INFOPLIST_FILE = NO;
				INFOPLIST_FILE = ../Resources/Info.plist;
				LD_RUNPATH_SEARCH_PATHS = (
					"$(inherited)",
					"@executable_path/../Frameworks",
				);
				PRODUCT_BUNDLE_IDENTIFIER = com.replaymac.app;
				SDKROOT = macosx;
				SWIFT_ACTIVE_COMPILATION_CONDITIONS = APPSTORE;
				SWIFT_VERSION = 6.0;
			};
			name = Release;
		};
		AA9DA40E30981DA4BC6DFCD8 /* Debug */ = {
			isa = XCBuildConfiguration;
			buildSettings = {
				ALWAYS_SEARCH_USER_PATHS = NO;
				CLANG_ANALYZER_NONNULL = YES;
				CLANG_ANALYZER_NUMBER_OBJECT_CONVERSION = YES_AGGRESSIVE;
				CLANG_CXX_LANGUAGE_STANDARD = "gnu++14";
				CLANG_CXX_LIBRARY = "libc++";
				CLANG_ENABLE_MODULES = YES;
				CLANG_ENABLE_OBJC_ARC = YES;
				CLANG_ENABLE_OBJC_WEAK = YES;
				CLANG_WARN_BLOCK_CAPTURE_AUTORELEASING = YES;
				CLANG_WARN_BOOL_CONVERSION = YES;
				CLANG_WARN_COMMA = YES;
				CLANG_WARN_CONSTANT_CONVERSION = YES;
				CLANG_WARN_DEPRECATED_OBJC_IMPLEMENTATIONS = YES;
				CLANG_WARN_DIRECT_OBJC_ISA_USAGE = YES_ERROR;
				CLANG_WARN_DOCUMENTATION_COMMENTS = YES;
				CLANG_WARN_EMPTY_BODY = YES;
				CLANG_WARN_ENUM_CONVERSION = YES;
				CLANG_WARN_INFINITE_RECURSION = YES;
				CLANG_WARN_INT_CONVERSION = YES;
				CLANG_WARN_NON_LITERAL_NULL_CONVERSION = YES;
				CLANG_WARN_OBJC_IMPLICIT_RETAIN_SELF = YES;
				CLANG_WARN_OBJC_LITERAL_CONVERSION = YES;
				CLANG_WARN_OBJC_ROOT_CLASS = YES_ERROR;
				CLANG_WARN_QUOTED_INCLUDE_IN_FRAMEWORK_HEADER = YES;
				CLANG_WARN_RANGE_LOOP_ANALYSIS = YES;
				CLANG_WARN_STRICT_PROTOTYPES = YES;
				CLANG_WARN_SUSPICIOUS_MOVE = YES;
				CLANG_WARN_UNGUARDED_AVAILABILITY = YES_AGGRESSIVE;
				CLANG_WARN_UNREACHABLE_CODE = YES;
				CLANG_WARN__DUPLICATE_METHOD_MATCH = YES;
				COPY_PHASE_STRIP = NO;
				DEBUG_INFORMATION_FORMAT = dwarf;
				ENABLE_STRICT_OBJC_MSGSEND = YES;
				ENABLE_TESTABILITY = YES;
				GCC_C_LANGUAGE_STANDARD = gnu11;
				GCC_DYNAMIC_NO_PIC = NO;
				GCC_NO_COMMON_BLOCKS = YES;
				GCC_OPTIMIZATION_LEVEL = 0;
				GCC_PREPROCESSOR_DEFINITIONS = (
					"$(inherited)",
					"DEBUG=1",
				);
				GCC_WARN_64_TO_32_BIT_CONVERSION = YES;
				GCC_WARN_ABOUT_RETURN_TYPE = YES_ERROR;
				GCC_WARN_UNDECLARED_SELECTOR = YES;
				GCC_WARN_UNINITIALIZED_AUTOS = YES_AGGRESSIVE;
				GCC_WARN_UNUSED_FUNCTION = YES;
				GCC_WARN_UNUSED_VARIABLE = YES;
				MACOSX_DEPLOYMENT_TARGET = 15.0;
				MTL_ENABLE_DEBUG_INFO = INCLUDE_SOURCE;
				MTL_FAST_MATH = YES;
				ONLY_ACTIVE_ARCH = YES;
				PRODUCT_NAME = "$(TARGET_NAME)";
				SDKROOT = macosx;
				SWIFT_ACTIVE_COMPILATION_CONDITIONS = DEBUG;
				SWIFT_OPTIMIZATION_LEVEL = "-Onone";
				SWIFT_VERSION = 5.0;
			};
			name = Debug;
		};
		AAD2AC16E73E3215A0B8BC84 /* Debug */ = {
			isa = XCBuildConfiguration;
			buildSettings = {
				ASSETCATALOG_COMPILER_APPICON_NAME = AppIcon;
				CODE_SIGN_ENTITLEMENTS = ../Resources/ReplayMac.appstore.entitlements;
				"CODE_SIGN_IDENTITY[sdk=macosx*]" = "Apple Development";
				CODE_SIGN_STYLE = Automatic;
				COMBINE_HIDPI_IMAGES = YES;
				DEVELOPMENT_TEAM = QZTBSUBN77;
				GENERATE_INFOPLIST_FILE = NO;
				INFOPLIST_FILE = ../Resources/Info.plist;
				LD_RUNPATH_SEARCH_PATHS = (
					"$(inherited)",
					"@executable_path/../Frameworks",
				);
				PRODUCT_BUNDLE_IDENTIFIER = com.replaymac.app;
				SDKROOT = macosx;
				SWIFT_ACTIVE_COMPILATION_CONDITIONS = APPSTORE;
				SWIFT_VERSION = 6.0;
			};
			name = Debug;
		};
/* End XCBuildConfiguration section */

/* Begin XCConfigurationList section */
		35C05EC225B7CA6D7F404654 /* Build configuration list for PBXProject "ReplayMac" */ = {
			isa = XCConfigurationList;
			buildConfigurations = (
				AA9DA40E30981DA4BC6DFCD8 /* Debug */,
				2C6CB7A4F49DF799C5628DFB /* Release */,
			);
			defaultConfigurationIsVisible = 0;
			defaultConfigurationName = Debug;
		};
		920BD30EC547B9F43A0DDA01 /* Build configuration list for PBXNativeTarget "ReplayMac" */ = {
			isa = XCConfigurationList;
			buildConfigurations = (
				AAD2AC16E73E3215A0B8BC84 /* Debug */,
				5890A17881CB32884DD5A238 /* Release */,
			);
			defaultConfigurationIsVisible = 0;
			defaultConfigurationName = Debug;
		};
/* End XCConfigurationList section */

/* Begin XCLocalSwiftPackageReference section */
		B0FACDB2055875709C35908A /* XCLocalSwiftPackageReference ".." */ = {
			isa = XCLocalSwiftPackageReference;
			relativePath = ..;
		};
/* End XCLocalSwiftPackageReference section */

/* Begin XCRemoteSwiftPackageReference section */
		2C332FD1616FA6ADDC54B712 /* XCRemoteSwiftPackageReference "Defaults" */ = {
			isa = XCRemoteSwiftPackageReference;
			repositoryURL = "https://github.com/sindresorhus/Defaults";
			requirement = {
				kind = upToNextMajorVersion;
				minimumVersion = 9.0.0;
			};
		};
/* End XCRemoteSwiftPackageReference section */

/* Begin XCSwiftPackageProductDependency section */
		7B2F08AEC90FA1EBF92C09DD /* Defaults */ = {
			isa = XCSwiftPackageProductDependency;
			package = 2C332FD1616FA6ADDC54B712 /* XCRemoteSwiftPackageReference "Defaults" */;
			productName = Defaults;
		};
		C40330B56B4FA74C214621FF /* ReplayMacKit */ = {
			isa = XCSwiftPackageProductDependency;
			productName = ReplayMacKit;
		};
/* End XCSwiftPackageProductDependency section */
	};
	rootObject = 9F73E16732AC9684E58DE4D8 /* Project object */;
}
